
Microsoft Visual Studio Solution File, Format Version 12.00
# Visual Studio Version 16
VisualStudioVersion = 16.0.29709.97
MinimumVisualStudioVersion = 10.0.40219.1
Project("{FAE04EC0-301F-11D3-BF4B-00C04F79EFBC}") = "READUS", "READUS.csproj", "{197F12F8-66D8-423E-9928-8FE5128703E2}"
EndProject
Global
	GlobalSection(SolutionConfigurationPlatforms) = preSolution
		Debug|Any CPU = Debug|Any CPU
		Release|Any CPU = Release|Any CPU
	EndGlobalSection
	GlobalSection(ProjectConfigurationPlatforms) = postSolution
		{197F12F8-66D8-423E-9928-8FE5128703E2}.Debug|Any CPU.ActiveCfg = Debug|Any CPU
		{197F12F8-66D8-423E-9928-8FE5128703E2}.Debug|Any CPU.Build.0 = Debug|Any CPU
		{197F12F8-66D8-423E-9928-8FE5128703E2}.Release|Any CPU.ActiveCfg = Release|Any CPU
		{197F12F8-66D8-423E-9928-8FE5128703E2}.Release|Any CPU.Build.0 = Release|Any CPU
	EndGlobalSection
	GlobalSection(SolutionProperties) = preSolution
		HideSolutionNode = FALSE
	EndGlobalSection
	GlobalSection(ExtensibilityGlobals) = postSolution
		SolutionGuid = {C5B10BB5-39E4-4A4A-8085-0FDB5F08D113}
	EndGlobalSection
EndGlobal
