
Microsoft Visual Studio Solution File, Format Version 12.00
# Visual Studio Version 16
VisualStudioVersion = 16.0.29709.97
MinimumVisualStudioVersion = 10.0.40219.1
Project("{9A19103F-16F7-4668-BE54-9A1E7A4F7556}") = "READUS", "READUS\READUS.csproj", "{AD0E1794-6008-45D2-B9DD-C476D87A6E8B}"
EndProject
Project("{9A19103F-16F7-4668-BE54-9A1E7A4F7556}") = "Queueing", "Queueing\Queueing.csproj", "{73C19CCD-2D47-41C3-A898-87148C502322}"
EndProject
Project("{9A19103F-16F7-4668-BE54-9A1E7A4F7556}") = "Storage", "Storage\Storage.csproj", "{5DB76D24-CC7D-4EC3-816C-5421A634FD5A}"
EndProject
Project("{9A19103F-16F7-4668-BE54-9A1E7A4F7556}") = "RepositoryScraper", "RepositoryScraper\RepositoryScraper.csproj", "{F285FD74-8048-4068-A0F7-1EB067B77FD3}"
EndProject
Project("{9A19103F-16F7-4668-BE54-9A1E7A4F7556}") = "DomainObjects", "DomainObjects\DomainObjects.csproj", "{F5B33FD5-138F-4229-B03E-F59D04C780F6}"
EndProject
Project("{9A19103F-16F7-4668-BE54-9A1E7A4F7556}") = "SourceControl", "SourceControl\SourceControl.csproj", "{41513B55-D59B-4A62-BC75-C2F737677E66}"
EndProject
Project("{FAE04EC0-301F-11D3-BF4B-00C04F79EFBC}") = "TestApp", "TestApp\TestApp.csproj", "{A2312021-1145-4A9B-BAAA-0B6D91FF80BC}"
EndProject
Global
	GlobalSection(SolutionConfigurationPlatforms) = preSolution
		Debug|Any CPU = Debug|Any CPU
		Release|Any CPU = Release|Any CPU
	EndGlobalSection
	GlobalSection(ProjectConfigurationPlatforms) = postSolution
		{AD0E1794-6008-45D2-B9DD-C476D87A6E8B}.Debug|Any CPU.ActiveCfg = Debug|Any CPU
		{AD0E1794-6008-45D2-B9DD-C476D87A6E8B}.Debug|Any CPU.Build.0 = Debug|Any CPU
		{AD0E1794-6008-45D2-B9DD-C476D87A6E8B}.Release|Any CPU.ActiveCfg = Release|Any CPU
		{AD0E1794-6008-45D2-B9DD-C476D87A6E8B}.Release|Any CPU.Build.0 = Release|Any CPU
		{73C19CCD-2D47-41C3-A898-87148C502322}.Debug|Any CPU.ActiveCfg = Debug|Any CPU
		{73C19CCD-2D47-41C3-A898-87148C502322}.Debug|Any CPU.Build.0 = Debug|Any CPU
		{73C19CCD-2D47-41C3-A898-87148C502322}.Release|Any CPU.ActiveCfg = Release|Any CPU
		{73C19CCD-2D47-41C3-A898-87148C502322}.Release|Any CPU.Build.0 = Release|Any CPU
		{5DB76D24-CC7D-4EC3-816C-5421A634FD5A}.Debug|Any CPU.ActiveCfg = Debug|Any CPU
		{5DB76D24-CC7D-4EC3-816C-5421A634FD5A}.Debug|Any CPU.Build.0 = Debug|Any CPU
		{5DB76D24-CC7D-4EC3-816C-5421A634FD5A}.Release|Any CPU.ActiveCfg = Release|Any CPU
		{5DB76D24-CC7D-4EC3-816C-5421A634FD5A}.Release|Any CPU.Build.0 = Release|Any CPU
		{F285FD74-8048-4068-A0F7-1EB067B77FD3}.Debug|Any CPU.ActiveCfg = Debug|Any CPU
		{F285FD74-8048-4068-A0F7-1EB067B77FD3}.Debug|Any CPU.Build.0 = Debug|Any CPU
		{F285FD74-8048-4068-A0F7-1EB067B77FD3}.Release|Any CPU.ActiveCfg = Release|Any CPU
		{F285FD74-8048-4068-A0F7-1EB067B77FD3}.Release|Any CPU.Build.0 = Release|Any CPU
		{F5B33FD5-138F-4229-B03E-F59D04C780F6}.Debug|Any CPU.ActiveCfg = Debug|Any CPU
		{F5B33FD5-138F-4229-B03E-F59D04C780F6}.Debug|Any CPU.Build.0 = Debug|Any CPU
		{F5B33FD5-138F-4229-B03E-F59D04C780F6}.Release|Any CPU.ActiveCfg = Release|Any CPU
		{F5B33FD5-138F-4229-B03E-F59D04C780F6}.Release|Any CPU.Build.0 = Release|Any CPU
		{41513B55-D59B-4A62-BC75-C2F737677E66}.Debug|Any CPU.ActiveCfg = Debug|Any CPU
		{41513B55-D59B-4A62-BC75-C2F737677E66}.Debug|Any CPU.Build.0 = Debug|Any CPU
		{41513B55-D59B-4A62-BC75-C2F737677E66}.Release|Any CPU.ActiveCfg = Release|Any CPU
		{41513B55-D59B-4A62-BC75-C2F737677E66}.Release|Any CPU.Build.0 = Release|Any CPU
		{A2312021-1145-4A9B-BAAA-0B6D91FF80BC}.Debug|Any CPU.ActiveCfg = Debug|Any CPU
		{A2312021-1145-4A9B-BAAA-0B6D91FF80BC}.Debug|Any CPU.Build.0 = Debug|Any CPU
		{A2312021-1145-4A9B-BAAA-0B6D91FF80BC}.Release|Any CPU.ActiveCfg = Release|Any CPU
		{A2312021-1145-4A9B-BAAA-0B6D91FF80BC}.Release|Any CPU.Build.0 = Release|Any CPU
	EndGlobalSection
	GlobalSection(SolutionProperties) = preSolution
		HideSolutionNode = FALSE
	EndGlobalSection
	GlobalSection(ExtensibilityGlobals) = postSolution
		SolutionGuid = {C5B10BB5-39E4-4A4A-8085-0FDB5F08D113}
	EndGlobalSection
EndGlobal
